
Microsoft Visual Studio Solution File, Format Version 12.00
# Visual Studio Version 17
VisualStudioVersion = 17.9.34728.123
MinimumVisualStudioVersion = 10.0.40219.1
Project("{9A19103F-16F7-4668-BE54-9A1E7A4F7556}") = "MedicalAppAPI", "MedicalAppAPI\MedicalAppAPI.csproj", "{5F11AB5A-1674-4AB9-AC07-0B6A87BDAA61}"
EndProject
Global
	GlobalSection(SolutionConfigurationPlatforms) = preSolution
		Debug|Any CPU = Debug|Any CPU
		Release|Any CPU = Release|Any CPU
	EndGlobalSection
	GlobalSection(ProjectConfigurationPlatforms) = postSolution
		{5F11AB5A-1674-4AB9-AC07-0B6A87BDAA61}.Debug|Any CPU.ActiveCfg = Debug|Any CPU
		{5F11AB5A-1674-4AB9-AC07-0B6A87BDAA61}.Debug|Any CPU.Build.0 = Debug|Any CPU
		{5F11AB5A-1674-4AB9-AC07-0B6A87BDAA61}.Release|Any CPU.ActiveCfg = Release|Any CPU
		{5F11AB5A-1674-4AB9-AC07-0B6A87BDAA61}.Release|Any CPU.Build.0 = Release|Any CPU
	EndGlobalSection
	GlobalSection(SolutionProperties) = preSolution
		HideSolutionNode = FALSE
	EndGlobalSection
	GlobalSection(ExtensibilityGlobals) = postSolution
		SolutionGuid = {E6DAC2A9-DE6F-40C7-99A6-53328D6BE299}
	EndGlobalSection
EndGlobal
